// !$*UTF8*$!
{
	archiveVersion = 1;
	classes = {
	};
	objectVersion = 46;
	objects = {

/* Begin PBXBuildFile section */
		8732F5A51BB47CAE00216C21 /* iXCentralManager.swift in Sources */ = {isa = PBXBuildFile; fileRef = 8732F5A41BB47CAE00216C21 /* iXCentralManager.swift */; settings = {ASSET_TAGS = (); }; };
		8732F5A61BB47CAE00216C21 /* iXCentralManager.swift in Sources */ = {isa = PBXBuildFile; fileRef = 8732F5A41BB47CAE00216C21 /* iXCentralManager.swift */; settings = {ASSET_TAGS = (); }; };
		8732F5A81BB47FE500216C21 /* PowerBankDevice.swift in Sources */ = {isa = PBXBuildFile; fileRef = 8732F5A71BB47FE500216C21 /* PowerBankDevice.swift */; settings = {ASSET_TAGS = (); }; };
		8732F5A91BB47FE500216C21 /* PowerBankDevice.swift in Sources */ = {isa = PBXBuildFile; fileRef = 8732F5A71BB47FE500216C21 /* PowerBankDevice.swift */; settings = {ASSET_TAGS = (); }; };
		8741916A1BB4365100A2A285 /* Main.storyboard in Resources */ = {isa = PBXBuildFile; fileRef = 874191681BB4365100A2A285 /* Main.storyboard */; };
		8741916C1BB4365100A2A285 /* Images.xcassets in Resources */ = {isa = PBXBuildFile; fileRef = 8741916B1BB4365100A2A285 /* Images.xcassets */; };
		8741916F1BB4365100A2A285 /* LaunchScreen.xib in Resources */ = {isa = PBXBuildFile; fileRef = 8741916D1BB4365100A2A285 /* LaunchScreen.xib */; };
		8741917B1BB4365100A2A285 /* iXchangeTests.swift in Sources */ = {isa = PBXBuildFile; fileRef = 8741917A1BB4365100A2A285 /* iXchangeTests.swift */; };
		874191851BB441C200A2A285 /* iXchangeAppDelegate.swift in Sources */ = {isa = PBXBuildFile; fileRef = 874191841BB441C200A2A285 /* iXchangeAppDelegate.swift */; };
		87C454961BB5AC5A00346E51 /* iXPeripheral.swift in Sources */ = {isa = PBXBuildFile; fileRef = 87C454951BB5AC5A00346E51 /* iXPeripheral.swift */; settings = {ASSET_TAGS = (); }; };
		87C454971BB5AC5A00346E51 /* iXPeripheral.swift in Sources */ = {isa = PBXBuildFile; fileRef = 87C454951BB5AC5A00346E51 /* iXPeripheral.swift */; settings = {ASSET_TAGS = (); }; };
		87C454991BB8CA4300346E51 /* PowerBankDeviceDelegate.swift in Sources */ = {isa = PBXBuildFile; fileRef = 87C454981BB8CA4300346E51 /* PowerBankDeviceDelegate.swift */; settings = {ASSET_TAGS = (); }; };
		87C4549A1BB8CA4300346E51 /* PowerBankDeviceDelegate.swift in Sources */ = {isa = PBXBuildFile; fileRef = 87C454981BB8CA4300346E51 /* PowerBankDeviceDelegate.swift */; settings = {ASSET_TAGS = (); }; };
/* End PBXBuildFile section */

/* Begin PBXContainerItemProxy section */
		874191751BB4365100A2A285 /* PBXContainerItemProxy */ = {
			isa = PBXContainerItemProxy;
			containerPortal = 874191571BB4365100A2A285 /* Project object */;
			proxyType = 1;
			remoteGlobalIDString = 8741915E1BB4365100A2A285;
			remoteInfo = iXchange;
		};
/* End PBXContainerItemProxy section */

/* Begin PBXFileReference section */
		8732F5A41BB47CAE00216C21 /* iXCentralManager.swift */ = {isa = PBXFileReference; fileEncoding = 4; lastKnownFileType = sourcecode.swift; path = iXCentralManager.swift; sourceTree = "<group>"; };
		8732F5A71BB47FE500216C21 /* PowerBankDevice.swift */ = {isa = PBXFileReference; fileEncoding = 4; lastKnownFileType = sourcecode.swift; path = PowerBankDevice.swift; sourceTree = "<group>"; };
		8741915F1BB4365100A2A285 /* iXchange.app */ = {isa = PBXFileReference; explicitFileType = wrapper.application; includeInIndex = 0; path = iXchange.app; sourceTree = BUILT_PRODUCTS_DIR; };
		874191631BB4365100A2A285 /* Info.plist */ = {isa = PBXFileReference; lastKnownFileType = text.plist.xml; path = Info.plist; sourceTree = "<group>"; };
		874191691BB4365100A2A285 /* Base */ = {isa = PBXFileReference; lastKnownFileType = file.storyboard; name = Base; path = Base.lproj/Main.storyboard; sourceTree = "<group>"; };
		8741916B1BB4365100A2A285 /* Images.xcassets */ = {isa = PBXFileReference; lastKnownFileType = folder.assetcatalog; path = Images.xcassets; sourceTree = "<group>"; };
		8741916E1BB4365100A2A285 /* Base */ = {isa = PBXFileReference; lastKnownFileType = file.xib; name = Base; path = Base.lproj/LaunchScreen.xib; sourceTree = "<group>"; };
		874191741BB4365100A2A285 /* iXchangeTests.xctest */ = {isa = PBXFileReference; explicitFileType = wrapper.cfbundle; includeInIndex = 0; path = iXchangeTests.xctest; sourceTree = BUILT_PRODUCTS_DIR; };
		874191791BB4365100A2A285 /* Info.plist */ = {isa = PBXFileReference; lastKnownFileType = text.plist.xml; path = Info.plist; sourceTree = "<group>"; };
		8741917A1BB4365100A2A285 /* iXchangeTests.swift */ = {isa = PBXFileReference; lastKnownFileType = sourcecode.swift; path = iXchangeTests.swift; sourceTree = "<group>"; };
		874191841BB441C200A2A285 /* iXchangeAppDelegate.swift */ = {isa = PBXFileReference; fileEncoding = 4; lastKnownFileType = sourcecode.swift; path = iXchangeAppDelegate.swift; sourceTree = "<group>"; };
		87C454951BB5AC5A00346E51 /* iXPeripheral.swift */ = {isa = PBXFileReference; fileEncoding = 4; lastKnownFileType = sourcecode.swift; path = iXPeripheral.swift; sourceTree = "<group>"; };
		87C454981BB8CA4300346E51 /* PowerBankDeviceDelegate.swift */ = {isa = PBXFileReference; fileEncoding = 4; lastKnownFileType = sourcecode.swift; path = PowerBankDeviceDelegate.swift; sourceTree = "<group>"; };
/* End PBXFileReference section */

/* Begin PBXFrameworksBuildPhase section */
		8741915C1BB4365100A2A285 /* Frameworks */ = {
			isa = PBXFrameworksBuildPhase;
			buildActionMask = 2147483647;
			files = (
			);
			runOnlyForDeploymentPostprocessing = 0;
		};
		874191711BB4365100A2A285 /* Frameworks */ = {
			isa = PBXFrameworksBuildPhase;
			buildActionMask = 2147483647;
			files = (
			);
			runOnlyForDeploymentPostprocessing = 0;
		};
/* End PBXFrameworksBuildPhase section */

/* Begin PBXGroup section */
		874191561BB4365100A2A285 = {
			isa = PBXGroup;
			children = (
				874191611BB4365100A2A285 /* iXchange */,
				874191771BB4365100A2A285 /* iXchangeTests */,
				874191601BB4365100A2A285 /* Products */,
			);
			sourceTree = "<group>";
		};
		874191601BB4365100A2A285 /* Products */ = {
			isa = PBXGroup;
			children = (
				8741915F1BB4365100A2A285 /* iXchange.app */,
				874191741BB4365100A2A285 /* iXchangeTests.xctest */,
			);
			name = Products;
			sourceTree = "<group>";
		};
		874191611BB4365100A2A285 /* iXchange */ = {
			isa = PBXGroup;
			children = (
				8741918A1BB4424D00A2A285 /* BLE */,
				8741918B1BB4424D00A2A285 /* ViewController */,
				874191841BB441C200A2A285 /* iXchangeAppDelegate.swift */,
				874191681BB4365100A2A285 /* Main.storyboard */,
				8741916B1BB4365100A2A285 /* Images.xcassets */,
				8741916D1BB4365100A2A285 /* LaunchScreen.xib */,
				874191621BB4365100A2A285 /* Supporting Files */,
			);
			path = iXchange;
			sourceTree = "<group>";
		};
		874191621BB4365100A2A285 /* Supporting Files */ = {
			isa = PBXGroup;
			children = (
				874191631BB4365100A2A285 /* Info.plist */,
			);
			name = "Supporting Files";
			sourceTree = "<group>";
		};
		874191771BB4365100A2A285 /* iXchangeTests */ = {
			isa = PBXGroup;
			children = (
				8741917A1BB4365100A2A285 /* iXchangeTests.swift */,
				874191781BB4365100A2A285 /* Supporting Files */,
			);
			path = iXchangeTests;
			sourceTree = "<group>";
		};
		874191781BB4365100A2A285 /* Supporting Files */ = {
			isa = PBXGroup;
			children = (
				874191791BB4365100A2A285 /* Info.plist */,
			);
			name = "Supporting Files";
			sourceTree = "<group>";
		};
		8741918A1BB4424D00A2A285 /* BLE */ = {
			isa = PBXGroup;
			children = (
				8732F5A41BB47CAE00216C21 /* iXCentralManager.swift */,
				87C454951BB5AC5A00346E51 /* iXPeripheral.swift */,
				8732F5A71BB47FE500216C21 /* PowerBankDevice.swift */,
				87C454981BB8CA4300346E51 /* PowerBankDeviceDelegate.swift */,
			);
			path = BLE;
			sourceTree = "<group>";
		};
		8741918B1BB4424D00A2A285 /* ViewController */ = {
			isa = PBXGroup;
			children = (
			);
			path = ViewController;
			sourceTree = "<group>";
		};
/* End PBXGroup section */

/* Begin PBXNativeTarget section */
		8741915E1BB4365100A2A285 /* iXchange */ = {
			isa = PBXNativeTarget;
			buildConfigurationList = 8741917E1BB4365100A2A285 /* Build configuration list for PBXNativeTarget "iXchange" */;
			buildPhases = (
				8741915B1BB4365100A2A285 /* Sources */,
				8741915C1BB4365100A2A285 /* Frameworks */,
				8741915D1BB4365100A2A285 /* Resources */,
			);
			buildRules = (
			);
			dependencies = (
			);
			name = iXchange;
			productName = iXchange;
			productReference = 8741915F1BB4365100A2A285 /* iXchange.app */;
			productType = "com.apple.product-type.application";
		};
		874191731BB4365100A2A285 /* iXchangeTests */ = {
			isa = PBXNativeTarget;
			buildConfigurationList = 874191811BB4365100A2A285 /* Build configuration list for PBXNativeTarget "iXchangeTests" */;
			buildPhases = (
				874191701BB4365100A2A285 /* Sources */,
				874191711BB4365100A2A285 /* Frameworks */,
				874191721BB4365100A2A285 /* Resources */,
			);
			buildRules = (
			);
			dependencies = (
				874191761BB4365100A2A285 /* PBXTargetDependency */,
			);
			name = iXchangeTests;
			productName = iXchangeTests;
			productReference = 874191741BB4365100A2A285 /* iXchangeTests.xctest */;
			productType = "com.apple.product-type.bundle.unit-test";
		};
/* End PBXNativeTarget section */

/* Begin PBXProject section */
		874191571BB4365100A2A285 /* Project object */ = {
			isa = PBXProject;
			attributes = {
				LastSwiftUpdateCheck = 0700;
				LastUpgradeCheck = 0640;
				ORGANIZATIONNAME = "Channel Enterprise HK";
				TargetAttributes = {
					8741915E1BB4365100A2A285 = {
						CreatedOnToolsVersion = 6.4;
						DevelopmentTeam = 4T63JPSMKA;
					};
					874191731BB4365100A2A285 = {
						CreatedOnToolsVersion = 6.4;
						TestTargetID = 8741915E1BB4365100A2A285;
					};
				};
			};
			buildConfigurationList = 8741915A1BB4365100A2A285 /* Build configuration list for PBXProject "iXchange" */;
			compatibilityVersion = "Xcode 3.2";
			developmentRegion = English;
			hasScannedForEncodings = 0;
			knownRegions = (
				en,
				Base,
			);
			mainGroup = 874191561BB4365100A2A285;
			productRefGroup = 874191601BB4365100A2A285 /* Products */;
			projectDirPath = "";
			projectRoot = "";
			targets = (
				8741915E1BB4365100A2A285 /* iXchange */,
				874191731BB4365100A2A285 /* iXchangeTests */,
			);
		};
/* End PBXProject section */

/* Begin PBXResourcesBuildPhase section */
		8741915D1BB4365100A2A285 /* Resources */ = {
			isa = PBXResourcesBuildPhase;
			buildActionMask = 2147483647;
			files = (
				8741916A1BB4365100A2A285 /* Main.storyboard in Resources */,
				8741916F1BB4365100A2A285 /* LaunchScreen.xib in Resources */,
				8741916C1BB4365100A2A285 /* Images.xcassets in Resources */,
			);
			runOnlyForDeploymentPostprocessing = 0;
		};
		874191721BB4365100A2A285 /* Resources */ = {
			isa = PBXResourcesBuildPhase;
			buildActionMask = 2147483647;
			files = (
			);
			runOnlyForDeploymentPostprocessing = 0;
		};
/* End PBXResourcesBuildPhase section */

/* Begin PBXSourcesBuildPhase section */
		8741915B1BB4365100A2A285 /* Sources */ = {
			isa = PBXSourcesBuildPhase;
			buildActionMask = 2147483647;
			files = (
				8732F5A51BB47CAE00216C21 /* iXCentralManager.swift in Sources */,
				87C454991BB8CA4300346E51 /* PowerBankDeviceDelegate.swift in Sources */,
				8732F5A81BB47FE500216C21 /* PowerBankDevice.swift in Sources */,
				87C454961BB5AC5A00346E51 /* iXPeripheral.swift in Sources */,
				874191851BB441C200A2A285 /* iXchangeAppDelegate.swift in Sources */,
			);
			runOnlyForDeploymentPostprocessing = 0;
		};
		874191701BB4365100A2A285 /* Sources */ = {
			isa = PBXSourcesBuildPhase;
			buildActionMask = 2147483647;
			files = (
				8732F5A61BB47CAE00216C21 /* iXCentralManager.swift in Sources */,
				87C4549A1BB8CA4300346E51 /* PowerBankDeviceDelegate.swift in Sources */,
				8732F5A91BB47FE500216C21 /* PowerBankDevice.swift in Sources */,
				87C454971BB5AC5A00346E51 /* iXPeripheral.swift in Sources */,
				8741917B1BB4365100A2A285 /* iXchangeTests.swift in Sources */,
			);
			runOnlyForDeploymentPostprocessing = 0;
		};
/* End PBXSourcesBuildPhase section */

/* Begin PBXTargetDependency section */
		874191761BB4365100A2A285 /* PBXTargetDependency */ = {
			isa = PBXTargetDependency;
			target = 8741915E1BB4365100A2A285 /* iXchange */;
			targetProxy = 874191751BB4365100A2A285 /* PBXContainerItemProxy */;
		};
/* End PBXTargetDependency section */

/* Begin PBXVariantGroup section */
		874191681BB4365100A2A285 /* Main.storyboard */ = {
			isa = PBXVariantGroup;
			children = (
				874191691BB4365100A2A285 /* Base */,
			);
			name = Main.storyboard;
			sourceTree = "<group>";
		};
		8741916D1BB4365100A2A285 /* LaunchScreen.xib */ = {
			isa = PBXVariantGroup;
			children = (
				8741916E1BB4365100A2A285 /* Base */,
			);
			name = LaunchScreen.xib;
			sourceTree = "<group>";
		};
/* End PBXVariantGroup section */

/* Begin XCBuildConfiguration section */
		8741917C1BB4365100A2A285 /* Debug */ = {
			isa = XCBuildConfiguration;
			buildSettings = {
				ALWAYS_SEARCH_USER_PATHS = NO;
				CLANG_CXX_LANGUAGE_STANDARD = "gnu++0x";
				CLANG_CXX_LIBRARY = "libc++";
				CLANG_ENABLE_MODULES = YES;
				CLANG_ENABLE_OBJC_ARC = YES;
				CLANG_WARN_BOOL_CONVERSION = YES;
				CLANG_WARN_CONSTANT_CONVERSION = YES;
				CLANG_WARN_DIRECT_OBJC_ISA_USAGE = YES_ERROR;
				CLANG_WARN_EMPTY_BODY = YES;
				CLANG_WARN_ENUM_CONVERSION = YES;
				CLANG_WARN_INT_CONVERSION = YES;
				CLANG_WARN_OBJC_ROOT_CLASS = YES_ERROR;
				CLANG_WARN_UNREACHABLE_CODE = YES;
				CLANG_WARN__DUPLICATE_METHOD_MATCH = YES;
				"CODE_SIGN_IDENTITY[sdk=iphoneos*]" = "iPhone Developer";
				COPY_PHASE_STRIP = NO;
				DEBUG_INFORMATION_FORMAT = "dwarf-with-dsym";
				ENABLE_STRICT_OBJC_MSGSEND = YES;
				GCC_C_LANGUAGE_STANDARD = gnu99;
				GCC_DYNAMIC_NO_PIC = NO;
				GCC_NO_COMMON_BLOCKS = YES;
				GCC_OPTIMIZATION_LEVEL = 0;
				GCC_PREPROCESSOR_DEFINITIONS = (
					"DEBUG=1",
					"$(inherited)",
				);
				GCC_SYMBOLS_PRIVATE_EXTERN = NO;
				GCC_WARN_64_TO_32_BIT_CONVERSION = YES;
				GCC_WARN_ABOUT_RETURN_TYPE = YES_ERROR;
				GCC_WARN_UNDECLARED_SELECTOR = YES;
				GCC_WARN_UNINITIALIZED_AUTOS = YES_AGGRESSIVE;
				GCC_WARN_UNUSED_FUNCTION = YES;
				GCC_WARN_UNUSED_VARIABLE = YES;
				IPHONEOS_DEPLOYMENT_TARGET = 8.4;
				MTL_ENABLE_DEBUG_INFO = YES;
				ONLY_ACTIVE_ARCH = YES;
				SDKROOT = iphoneos;
				SWIFT_OPTIMIZATION_LEVEL = "-Onone";
			};
			name = Debug;
		};
		8741917D1BB4365100A2A285 /* Release */ = {
			isa = XCBuildConfiguration;
			buildSettings = {
				ALWAYS_SEARCH_USER_PATHS = NO;
				CLANG_CXX_LANGUAGE_STANDARD = "gnu++0x";
				CLANG_CXX_LIBRARY = "libc++";
				CLANG_ENABLE_MODULES = YES;
				CLANG_ENABLE_OBJC_ARC = YES;
				CLANG_WARN_BOOL_CONVERSION = YES;
				CLANG_WARN_CONSTANT_CONVERSION = YES;
				CLANG_WARN_DIRECT_OBJC_ISA_USAGE = YES_ERROR;
				CLANG_WARN_EMPTY_BODY = YES;
				CLANG_WARN_ENUM_CONVERSION = YES;
				CLANG_WARN_INT_CONVERSION = YES;
				CLANG_WARN_OBJC_ROOT_CLASS = YES_ERROR;
				CLANG_WARN_UNREACHABLE_CODE = YES;
				CLANG_WARN__DUPLICATE_METHOD_MATCH = YES;
				"CODE_SIGN_IDENTITY[sdk=iphoneos*]" = "iPhone Developer";
				COPY_PHASE_STRIP = NO;
				DEBUG_INFORMATION_FORMAT = "dwarf-with-dsym";
				ENABLE_NS_ASSERTIONS = NO;
				ENABLE_STRICT_OBJC_MSGSEND = YES;
				GCC_C_LANGUAGE_STANDARD = gnu99;
				GCC_NO_COMMON_BLOCKS = YES;
				GCC_WARN_64_TO_32_BIT_CONVERSION = YES;
				GCC_WARN_ABOUT_RETURN_TYPE = YES_ERROR;
				GCC_WARN_UNDECLARED_SELECTOR = YES;
				GCC_WARN_UNINITIALIZED_AUTOS = YES_AGGRESSIVE;
				GCC_WARN_UNUSED_FUNCTION = YES;
				GCC_WARN_UNUSED_VARIABLE = YES;
				IPHONEOS_DEPLOYMENT_TARGET = 8.4;
				MTL_ENABLE_DEBUG_INFO = NO;
				SDKROOT = iphoneos;
				VALIDATE_PRODUCT = YES;
			};
			name = Release;
		};
		8741917F1BB4365100A2A285 /* Debug */ = {
			isa = XCBuildConfiguration;
			buildSettings = {
				ASSETCATALOG_COMPILER_APPICON_NAME = AppIcon;
				CODE_SIGN_IDENTITY = "iPhone Developer";
				INFOPLIST_FILE = iXchange/Info.plist;
				IPHONEOS_DEPLOYMENT_TARGET = 8.0;
				LD_RUNPATH_SEARCH_PATHS = "$(inherited) @executable_path/Frameworks";
				PRODUCT_BUNDLE_IDENTIFIER = com.channel.MovingPower;
				PRODUCT_NAME = "$(TARGET_NAME)";
				PROVISIONING_PROFILE = "2636f323-fe21-4671-b00c-4fd699eb6ca6";
				TARGETED_DEVICE_FAMILY = 1;
			};
			name = Debug;
		};
		874191801BB4365100A2A285 /* Release */ = {
			isa = XCBuildConfiguration;
			buildSettings = {
				ASSETCATALOG_COMPILER_APPICON_NAME = AppIcon;
				CODE_SIGN_IDENTITY = "iPhone Developer";
				INFOPLIST_FILE = iXchange/Info.plist;
				IPHONEOS_DEPLOYMENT_TARGET = 8.0;
				LD_RUNPATH_SEARCH_PATHS = "$(inherited) @executable_path/Frameworks";
				PRODUCT_BUNDLE_IDENTIFIER = com.channel.MovingPower;
				PRODUCT_NAME = "$(TARGET_NAME)";
				PROVISIONING_PROFILE = "a7cda115-8788-4117-af3f-cb4fe62bb718";
				TARGETED_DEVICE_FAMILY = 1;
			};
			name = Release;
		};
		874191821BB4365100A2A285 /* Debug */ = {
			isa = XCBuildConfiguration;
			buildSettings = {
				BUNDLE_LOADER = "$(TEST_HOST)";
				FRAMEWORK_SEARCH_PATHS = (
					"$(SDKROOT)/Developer/Library/Frameworks",
					"$(inherited)",
				);
				GCC_PREPROCESSOR_DEFINITIONS = (
					"DEBUG=1",
					"$(inherited)",
				);
				INFOPLIST_FILE = iXchangeTests/Info.plist;
				LD_RUNPATH_SEARCH_PATHS = "$(inherited) @executable_path/Frameworks @loader_path/Frameworks";
				PRODUCT_NAME = "$(TARGET_NAME)";
				TEST_HOST = "$(BUILT_PRODUCTS_DIR)/iXchange.app/iXchange";
			};
			name = Debug;
		};
		874191831BB4365100A2A285 /* Release */ = {
			isa = XCBuildConfiguration;
			buildSettings = {
				BUNDLE_LOADER = "$(TEST_HOST)";
				FRAMEWORK_SEARCH_PATHS = (
					"$(SDKROOT)/Developer/Library/Frameworks",
					"$(inherited)",
				);
				INFOPLIST_FILE = iXchangeTests/Info.plist;
				LD_RUNPATH_SEARCH_PATHS = "$(inherited) @executable_path/Frameworks @loader_path/Frameworks";
				PRODUCT_NAME = "$(TARGET_NAME)";
				TEST_HOST = "$(BUILT_PRODUCTS_DIR)/iXchange.app/iXchange";
			};
			name = Release;
		};
/* End XCBuildConfiguration section */

/* Begin XCConfigurationList section */
		8741915A1BB4365100A2A285 /* Build configuration list for PBXProject "iXchange" */ = {
			isa = XCConfigurationList;
			buildConfigurations = (
				8741917C1BB4365100A2A285 /* Debug */,
				8741917D1BB4365100A2A285 /* Release */,
			);
			defaultConfigurationIsVisible = 0;
			defaultConfigurationName = Release;
		};
		8741917E1BB4365100A2A285 /* Build configuration list for PBXNativeTarget "iXchange" */ = {
			isa = XCConfigurationList;
			buildConfigurations = (
				8741917F1BB4365100A2A285 /* Debug */,
				874191801BB4365100A2A285 /* Release */,
			);
			defaultConfigurationIsVisible = 0;
			defaultConfigurationName = Release;
		};
		874191811BB4365100A2A285 /* Build configuration list for PBXNativeTarget "iXchangeTests" */ = {
			isa = XCConfigurationList;
			buildConfigurations = (
				874191821BB4365100A2A285 /* Debug */,
				874191831BB4365100A2A285 /* Release */,
			);
			defaultConfigurationIsVisible = 0;
			defaultConfigurationName = Release;
		};
/* End XCConfigurationList section */
	};
	rootObject = 874191571BB4365100A2A285 /* Project object */;
}
